
Microsoft Visual Studio Solution File, Format Version 12.00
# Visual Studio Version 17
VisualStudioVersion = 17.11.35219.272
MinimumVisualStudioVersion = 10.0.40219.1
Project("{FAE04EC0-301F-11D3-BF4B-00C04F79EFBC}") = "MediaReviewerServer", "MediaReviewerServer\MediaReviewerServer.csproj", "{6FB1C202-2A18-45DB-9486-713B1A53182F}"
EndProject
Global
	GlobalSection(SolutionConfigurationPlatforms) = preSolution
		Debug|Any CPU = Debug|Any CPU
		Release|Any CPU = Release|Any CPU
	EndGlobalSection
	GlobalSection(ProjectConfigurationPlatforms) = postSolution
		{6FB1C202-2A18-45DB-9486-713B1A53182F}.Debug|Any CPU.ActiveCfg = Debug|Any CPU
		{6FB1C202-2A18-45DB-9486-713B1A53182F}.Debug|Any CPU.Build.0 = Debug|Any CPU
		{6FB1C202-2A18-45DB-9486-713B1A53182F}.Release|Any CPU.ActiveCfg = Release|Any CPU
		{6FB1C202-2A18-45DB-9486-713B1A53182F}.Release|Any CPU.Build.0 = Release|Any CPU
	EndGlobalSection
	GlobalSection(SolutionProperties) = preSolution
		HideSolutionNode = FALSE
	EndGlobalSection
	GlobalSection(ExtensibilityGlobals) = postSolution
		SolutionGuid = {E9D461D7-F48C-40A8-82FE-24B238F4283C}
	EndGlobalSection
EndGlobal
